// !$*UTF8*$!
{
	archiveVersion = 1;
	classes = {
	};
	objectVersion = 48;
	objects = {

/* Begin PBXBuildFile section */
		769FE30922BC092F0018344C /* AppDelegate.swift in Sources */ = {isa = PBXBuildFile; fileRef = 769FE30822BC092F0018344C /* AppDelegate.swift */; };
		769FE30B22BC092F0018344C /* ViewController.swift in Sources */ = {isa = PBXBuildFile; fileRef = 769FE30A22BC092F0018344C /* ViewController.swift */; };
		769FE30E22BC092F0018344C /* Main.storyboard in Resources */ = {isa = PBXBuildFile; fileRef = 769FE30C22BC092F0018344C /* Main.storyboard */; };
		769FE31122BC092F0018344C /* FaceDetection.xcdatamodeld in Sources */ = {isa = PBXBuildFile; fileRef = 769FE30F22BC092F0018344C /* FaceDetection.xcdatamodeld */; };
		769FE31322BC092F0018344C /* Assets.xcassets in Resources */ = {isa = PBXBuildFile; fileRef = 769FE31222BC092F0018344C /* Assets.xcassets */; };
		769FE31622BC092F0018344C /* LaunchScreen.storyboard in Resources */ = {isa = PBXBuildFile; fileRef = 769FE31422BC092F0018344C /* LaunchScreen.storyboard */; };
		769FE32122BC092F0018344C /* FaceDetectionTests.swift in Sources */ = {isa = PBXBuildFile; fileRef = 769FE32022BC092F0018344C /* FaceDetectionTests.swift */; };
		769FE32C22BC092F0018344C /* FaceDetectionUITests.swift in Sources */ = {isa = PBXBuildFile; fileRef = 769FE32B22BC092F0018344C /* FaceDetectionUITests.swift */; };
/* End PBXBuildFile section */

/* Begin PBXContainerItemProxy section */
		769FE31D22BC092F0018344C /* PBXContainerItemProxy */ = {
			isa = PBXContainerItemProxy;
			containerPortal = 769FE2FD22BC092E0018344C /* Project object */;
			proxyType = 1;
			remoteGlobalIDString = 769FE30422BC092F0018344C;
			remoteInfo = FaceDetection;
		};
		769FE32822BC092F0018344C /* PBXContainerItemProxy */ = {
			isa = PBXContainerItemProxy;
			containerPortal = 769FE2FD22BC092E0018344C /* Project object */;
			proxyType = 1;
			remoteGlobalIDString = 769FE30422BC092F0018344C;
			remoteInfo = FaceDetection;
		};
/* End PBXContainerItemProxy section */

/* Begin PBXFileReference section */
		769FE30522BC092F0018344C /* FaceDetection.app */ = {isa = PBXFileReference; explicitFileType = wrapper.application; includeInIndex = 0; path = FaceDetection.app; sourceTree = BUILT_PRODUCTS_DIR; };
		769FE30822BC092F0018344C /* AppDelegate.swift */ = {isa = PBXFileReference; lastKnownFileType = sourcecode.swift; path = AppDelegate.swift; sourceTree = "<group>"; };
		769FE30A22BC092F0018344C /* ViewController.swift */ = {isa = PBXFileReference; lastKnownFileType = sourcecode.swift; path = ViewController.swift; sourceTree = "<group>"; };
		769FE30D22BC092F0018344C /* Base */ = {isa = PBXFileReference; lastKnownFileType = file.storyboard; name = Base; path = Base.lproj/Main.storyboard; sourceTree = "<group>"; };
		769FE31022BC092F0018344C /* FaceDetection.xcdatamodel */ = {isa = PBXFileReference; lastKnownFileType = wrapper.xcdatamodel; path = FaceDetection.xcdatamodel; sourceTree = "<group>"; };
		769FE31222BC092F0018344C /* Assets.xcassets */ = {isa = PBXFileReference; lastKnownFileType = folder.assetcatalog; path = Assets.xcassets; sourceTree = "<group>"; };
		769FE31522BC092F0018344C /* Base */ = {isa = PBXFileReference; lastKnownFileType = file.storyboard; name = Base; path = Base.lproj/LaunchScreen.storyboard; sourceTree = "<group>"; };
		769FE31722BC092F0018344C /* Info.plist */ = {isa = PBXFileReference; lastKnownFileType = text.plist.xml; path = Info.plist; sourceTree = "<group>"; };
		769FE31C22BC092F0018344C /* FaceDetectionTests.xctest */ = {isa = PBXFileReference; explicitFileType = wrapper.cfbundle; includeInIndex = 0; path = FaceDetectionTests.xctest; sourceTree = BUILT_PRODUCTS_DIR; };
		769FE32022BC092F0018344C /* FaceDetectionTests.swift */ = {isa = PBXFileReference; lastKnownFileType = sourcecode.swift; path = FaceDetectionTests.swift; sourceTree = "<group>"; };
		769FE32222BC092F0018344C /* Info.plist */ = {isa = PBXFileReference; lastKnownFileType = text.plist.xml; path = Info.plist; sourceTree = "<group>"; };
		769FE32722BC092F0018344C /* FaceDetectionUITests.xctest */ = {isa = PBXFileReference; explicitFileType = wrapper.cfbundle; includeInIndex = 0; path = FaceDetectionUITests.xctest; sourceTree = BUILT_PRODUCTS_DIR; };
		769FE32B22BC092F0018344C /* FaceDetectionUITests.swift */ = {isa = PBXFileReference; lastKnownFileType = sourcecode.swift; path = FaceDetectionUITests.swift; sourceTree = "<group>"; };
		769FE32D22BC092F0018344C /* Info.plist */ = {isa = PBXFileReference; lastKnownFileType = text.plist.xml; path = Info.plist; sourceTree = "<group>"; };
/* End PBXFileReference section */

/* Begin PBXFrameworksBuildPhase section */
		769FE30222BC092F0018344C /* Frameworks */ = {
			isa = PBXFrameworksBuildPhase;
			buildActionMask = 2147483647;
			files = (
			);
			runOnlyForDeploymentPostprocessing = 0;
		};
		769FE31922BC092F0018344C /* Frameworks */ = {
			isa = PBXFrameworksBuildPhase;
			buildActionMask = 2147483647;
			files = (
			);
			runOnlyForDeploymentPostprocessing = 0;
		};
		769FE32422BC092F0018344C /* Frameworks */ = {
			isa = PBXFrameworksBuildPhase;
			buildActionMask = 2147483647;
			files = (
			);
			runOnlyForDeploymentPostprocessing = 0;
		};
/* End PBXFrameworksBuildPhase section */

/* Begin PBXGroup section */
		769FE2FC22BC092E0018344C = {
			isa = PBXGroup;
			children = (
				769FE30722BC092F0018344C /* FaceDetection */,
				769FE31F22BC092F0018344C /* FaceDetectionTests */,
				769FE32A22BC092F0018344C /* FaceDetectionUITests */,
				769FE30622BC092F0018344C /* Products */,
			);
			sourceTree = "<group>";
		};
		769FE30622BC092F0018344C /* Products */ = {
			isa = PBXGroup;
			children = (
				769FE30522BC092F0018344C /* FaceDetection.app */,
				769FE31C22BC092F0018344C /* FaceDetectionTests.xctest */,
				769FE32722BC092F0018344C /* FaceDetectionUITests.xctest */,
			);
			name = Products;
			sourceTree = "<group>";
		};
		769FE30722BC092F0018344C /* FaceDetection */ = {
			isa = PBXGroup;
			children = (
				769FE30822BC092F0018344C /* AppDelegate.swift */,
				769FE30A22BC092F0018344C /* ViewController.swift */,
				769FE30C22BC092F0018344C /* Main.storyboard */,
				769FE31222BC092F0018344C /* Assets.xcassets */,
				769FE31422BC092F0018344C /* LaunchScreen.storyboard */,
				769FE31722BC092F0018344C /* Info.plist */,
				769FE30F22BC092F0018344C /* FaceDetection.xcdatamodeld */,
			);
			path = FaceDetection;
			sourceTree = "<group>";
		};
		769FE31F22BC092F0018344C /* FaceDetectionTests */ = {
			isa = PBXGroup;
			children = (
				769FE32022BC092F0018344C /* FaceDetectionTests.swift */,
				769FE32222BC092F0018344C /* Info.plist */,
			);
			path = FaceDetectionTests;
			sourceTree = "<group>";
		};
		769FE32A22BC092F0018344C /* FaceDetectionUITests */ = {
			isa = PBXGroup;
			children = (
				769FE32B22BC092F0018344C /* FaceDetectionUITests.swift */,
				769FE32D22BC092F0018344C /* Info.plist */,
			);
			path = FaceDetectionUITests;
			sourceTree = "<group>";
		};
/* End PBXGroup section */

/* Begin PBXNativeTarget section */
		769FE30422BC092F0018344C /* FaceDetection */ = {
			isa = PBXNativeTarget;
			buildConfigurationList = 769FE33022BC092F0018344C /* Build configuration list for PBXNativeTarget "FaceDetection" */;
			buildPhases = (
				769FE30122BC092F0018344C /* Sources */,
				769FE30222BC092F0018344C /* Frameworks */,
				769FE30322BC092F0018344C /* Resources */,
			);
			buildRules = (
			);
			dependencies = (
			);
			name = FaceDetection;
			productName = FaceDetection;
			productReference = 769FE30522BC092F0018344C /* FaceDetection.app */;
			productType = "com.apple.product-type.application";
		};
		769FE31B22BC092F0018344C /* FaceDetectionTests */ = {
			isa = PBXNativeTarget;
			buildConfigurationList = 769FE33322BC092F0018344C /* Build configuration list for PBXNativeTarget "FaceDetectionTests" */;
			buildPhases = (
				769FE31822BC092F0018344C /* Sources */,
				769FE31922BC092F0018344C /* Frameworks */,
				769FE31A22BC092F0018344C /* Resources */,
			);
			buildRules = (
			);
			dependencies = (
				769FE31E22BC092F0018344C /* PBXTargetDependency */,
			);
			name = FaceDetectionTests;
			productName = FaceDetectionTests;
			productReference = 769FE31C22BC092F0018344C /* FaceDetectionTests.xctest */;
			productType = "com.apple.product-type.bundle.unit-test";
		};
		769FE32622BC092F0018344C /* FaceDetectionUITests */ = {
			isa = PBXNativeTarget;
			buildConfigurationList = 769FE33622BC092F0018344C /* Build configuration list for PBXNativeTarget "FaceDetectionUITests" */;
			buildPhases = (
				769FE32322BC092F0018344C /* Sources */,
				769FE32422BC092F0018344C /* Frameworks */,
				769FE32522BC092F0018344C /* Resources */,
			);
			buildRules = (
			);
			dependencies = (
				769FE32922BC092F0018344C /* PBXTargetDependency */,
			);
			name = FaceDetectionUITests;
			productName = FaceDetectionUITests;
			productReference = 769FE32722BC092F0018344C /* FaceDetectionUITests.xctest */;
			productType = "com.apple.product-type.bundle.ui-testing";
		};
/* End PBXNativeTarget section */

/* Begin PBXProject section */
		769FE2FD22BC092E0018344C /* Project object */ = {
			isa = PBXProject;
			attributes = {
				LastSwiftUpdateCheck = 0920;
				LastUpgradeCheck = 0920;
				ORGANIZATIONNAME = "MACBOOK PRO RETINA";
				TargetAttributes = {
					769FE30422BC092F0018344C = {
						CreatedOnToolsVersion = 9.2;
						ProvisioningStyle = Automatic;
					};
					769FE31B22BC092F0018344C = {
						CreatedOnToolsVersion = 9.2;
						ProvisioningStyle = Automatic;
						TestTargetID = 769FE30422BC092F0018344C;
					};
					769FE32622BC092F0018344C = {
						CreatedOnToolsVersion = 9.2;
						ProvisioningStyle = Automatic;
						TestTargetID = 769FE30422BC092F0018344C;
					};
				};
			};
			buildConfigurationList = 769FE30022BC092E0018344C /* Build configuration list for PBXProject "FaceDetection" */;
			compatibilityVersion = "Xcode 8.0";
			developmentRegion = en;
			hasScannedForEncodings = 0;
			knownRegions = (
				en,
				Base,
			);
			mainGroup = 769FE2FC22BC092E0018344C;
			productRefGroup = 769FE30622BC092F0018344C /* Products */;
			projectDirPath = "";
			projectRoot = "";
			targets = (
				769FE30422BC092F0018344C /* FaceDetection */,
				769FE31B22BC092F0018344C /* FaceDetectionTests */,
				769FE32622BC092F0018344C /* FaceDetectionUITests */,
			);
		};
/* End PBXProject section */

/* Begin PBXResourcesBuildPhase section */
		769FE30322BC092F0018344C /* Resources */ = {
			isa = PBXResourcesBuildPhase;
			buildActionMask = 2147483647;
			files = (
				769FE31622BC092F0018344C /* LaunchScreen.storyboard in Resources */,
				769FE31322BC092F0018344C /* Assets.xcassets in Resources */,
				769FE30E22BC092F0018344C /* Main.storyboard in Resources */,
			);
			runOnlyForDeploymentPostprocessing = 0;
		};
		769FE31A22BC092F0018344C /* Resources */ = {
			isa = PBXResourcesBuildPhase;
			buildActionMask = 2147483647;
			files = (
			);
			runOnlyForDeploymentPostprocessing = 0;
		};
		769FE32522BC092F0018344C /* Resources */ = {
			isa = PBXResourcesBuildPhase;
			buildActionMask = 2147483647;
			files = (
			);
			runOnlyForDeploymentPostprocessing = 0;
		};
/* End PBXResourcesBuildPhase section */

/* Begin PBXSourcesBuildPhase section */
		769FE30122BC092F0018344C /* Sources */ = {
			isa = PBXSourcesBuildPhase;
			buildActionMask = 2147483647;
			files = (
				769FE31122BC092F0018344C /* FaceDetection.xcdatamodeld in Sources */,
				769FE30B22BC092F0018344C /* ViewController.swift in Sources */,
				769FE30922BC092F0018344C /* AppDelegate.swift in Sources */,
			);
			runOnlyForDeploymentPostprocessing = 0;
		};
		769FE31822BC092F0018344C /* Sources */ = {
			isa = PBXSourcesBuildPhase;
			buildActionMask = 2147483647;
			files = (
				769FE32122BC092F0018344C /* FaceDetectionTests.swift in Sources */,
			);
			runOnlyForDeploymentPostprocessing = 0;
		};
		769FE32322BC092F0018344C /* Sources */ = {
			isa = PBXSourcesBuildPhase;
			buildActionMask = 2147483647;
			files = (
				769FE32C22BC092F0018344C /* FaceDetectionUITests.swift in Sources */,
			);
			runOnlyForDeploymentPostprocessing = 0;
		};
/* End PBXSourcesBuildPhase section */

/* Begin PBXTargetDependency section */
		769FE31E22BC092F0018344C /* PBXTargetDependency */ = {
			isa = PBXTargetDependency;
			target = 769FE30422BC092F0018344C /* FaceDetection */;
			targetProxy = 769FE31D22BC092F0018344C /* PBXContainerItemProxy */;
		};
		769FE32922BC092F0018344C /* PBXTargetDependency */ = {
			isa = PBXTargetDependency;
			target = 769FE30422BC092F0018344C /* FaceDetection */;
			targetProxy = 769FE32822BC092F0018344C /* PBXContainerItemProxy */;
		};
/* End PBXTargetDependency section */

/* Begin PBXVariantGroup section */
		769FE30C22BC092F0018344C /* Main.storyboard */ = {
			isa = PBXVariantGroup;
			children = (
				769FE30D22BC092F0018344C /* Base */,
			);
			name = Main.storyboard;
			sourceTree = "<group>";
		};
		769FE31422BC092F0018344C /* LaunchScreen.storyboard */ = {
			isa = PBXVariantGroup;
			children = (
				769FE31522BC092F0018344C /* Base */,
			);
			name = LaunchScreen.storyboard;
			sourceTree = "<group>";
		};
/* End PBXVariantGroup section */

/* Begin XCBuildConfiguration section */
		769FE32E22BC092F0018344C /* Debug */ = {
			isa = XCBuildConfiguration;
			buildSettings = {
				ALWAYS_SEARCH_USER_PATHS = NO;
				CLANG_ANALYZER_NONNULL = YES;
				CLANG_ANALYZER_NUMBER_OBJECT_CONVERSION = YES_AGGRESSIVE;
				CLANG_CXX_LANGUAGE_STANDARD = "gnu++14";
				CLANG_CXX_LIBRARY = "libc++";
				CLANG_ENABLE_MODULES = YES;
				CLANG_ENABLE_OBJC_ARC = YES;
				CLANG_WARN_BLOCK_CAPTURE_AUTORELEASING = YES;
				CLANG_WARN_BOOL_CONVERSION = YES;
				CLANG_WARN_COMMA = YES;
				CLANG_WARN_CONSTANT_CONVERSION = YES;
				CLANG_WARN_DIRECT_OBJC_ISA_USAGE = YES_ERROR;
				CLANG_WARN_DOCUMENTATION_COMMENTS = YES;
				CLANG_WARN_EMPTY_BODY = YES;
				CLANG_WARN_ENUM_CONVERSION = YES;
				CLANG_WARN_INFINITE_RECURSION = YES;
				CLANG_WARN_INT_CONVERSION = YES;
				CLANG_WARN_NON_LITERAL_NULL_CONVERSION = YES;
				CLANG_WARN_OBJC_LITERAL_CONVERSION = YES;
				CLANG_WARN_OBJC_ROOT_CLASS = YES_ERROR;
				CLANG_WARN_RANGE_LOOP_ANALYSIS = YES;
				CLANG_WARN_STRICT_PROTOTYPES = YES;
				CLANG_WARN_SUSPICIOUS_MOVE = YES;
				CLANG_WARN_UNGUARDED_AVAILABILITY = YES_AGGRESSIVE;
				CLANG_WARN_UNREACHABLE_CODE = YES;
				CLANG_WARN__DUPLICATE_METHOD_MATCH = YES;
				CODE_SIGN_IDENTITY = "iPhone Developer";
				COPY_PHASE_STRIP = NO;
				DEBUG_INFORMATION_FORMAT = dwarf;
				ENABLE_STRICT_OBJC_MSGSEND = YES;
				ENABLE_TESTABILITY = YES;
				GCC_C_LANGUAGE_STANDARD = gnu11;
				GCC_DYNAMIC_NO_PIC = NO;
				GCC_NO_COMMON_BLOCKS = YES;
				GCC_OPTIMIZATION_LEVEL = 0;
				GCC_PREPROCESSOR_DEFINITIONS = (
					"DEBUG=1",
					"$(inherited)",
				);
				GCC_WARN_64_TO_32_BIT_CONVERSION = YES;
				GCC_WARN_ABOUT_RETURN_TYPE = YES_ERROR;
				GCC_WARN_UNDECLARED_SELECTOR = YES;
				GCC_WARN_UNINITIALIZED_AUTOS = YES_AGGRESSIVE;
				GCC_WARN_UNUSED_FUNCTION = YES;
				GCC_WARN_UNUSED_VARIABLE = YES;
				IPHONEOS_DEPLOYMENT_TARGET = 11.2;
				MTL_ENABLE_DEBUG_INFO = YES;
				ONLY_ACTIVE_ARCH = YES;
				SDKROOT = iphoneos;
				SWIFT_ACTIVE_COMPILATION_CONDITIONS = DEBUG;
				SWIFT_OPTIMIZATION_LEVEL = "-Onone";
			};
			name = Debug;
		};
		769FE32F22BC092F0018344C /* Release */ = {
			isa = XCBuildConfiguration;
			buildSettings = {
				ALWAYS_SEARCH_USER_PATHS = NO;
				CLANG_ANALYZER_NONNULL = YES;
				CLANG_ANALYZER_NUMBER_OBJECT_CONVERSION = YES_AGGRESSIVE;
				CLANG_CXX_LANGUAGE_STANDARD = "gnu++14";
				CLANG_CXX_LIBRARY = "libc++";
				CLANG_ENABLE_MODULES = YES;
				CLANG_ENABLE_OBJC_ARC = YES;
				CLANG_WARN_BLOCK_CAPTURE_AUTORELEASING = YES;
				CLANG_WARN_BOOL_CONVERSION = YES;
				CLANG_WARN_COMMA = YES;
				CLANG_WARN_CONSTANT_CONVERSION = YES;
				CLANG_WARN_DIRECT_OBJC_ISA_USAGE = YES_ERROR;
				CLANG_WARN_DOCUMENTATION_COMMENTS = YES;
				CLANG_WARN_EMPTY_BODY = YES;
				CLANG_WARN_ENUM_CONVERSION = YES;
				CLANG_WARN_INFINITE_RECURSION = YES;
				CLANG_WARN_INT_CONVERSION = YES;
				CLANG_WARN_NON_LITERAL_NULL_CONVERSION = YES;
				CLANG_WARN_OBJC_LITERAL_CONVERSION = YES;
				CLANG_WARN_OBJC_ROOT_CLASS = YES_ERROR;
				CLANG_WARN_RANGE_LOOP_ANALYSIS = YES;
				CLANG_WARN_STRICT_PROTOTYPES = YES;
				CLANG_WARN_SUSPICIOUS_MOVE = YES;
				CLANG_WARN_UNGUARDED_AVAILABILITY = YES_AGGRESSIVE;
				CLANG_WARN_UNREACHABLE_CODE = YES;
				CLANG_WARN__DUPLICATE_METHOD_MATCH = YES;
				CODE_SIGN_IDENTITY = "iPhone Developer";
				COPY_PHASE_STRIP = NO;
				DEBUG_INFORMATION_FORMAT = "dwarf-with-dsym";
				ENABLE_NS_ASSERTIONS = NO;
				ENABLE_STRICT_OBJC_MSGSEND = YES;
				GCC_C_LANGUAGE_STANDARD = gnu11;
				GCC_NO_COMMON_BLOCKS = YES;
				GCC_WARN_64_TO_32_BIT_CONVERSION = YES;
				GCC_WARN_ABOUT_RETURN_TYPE = YES_ERROR;
				GCC_WARN_UNDECLARED_SELECTOR = YES;
				GCC_WARN_UNINITIALIZED_AUTOS = YES_AGGRESSIVE;
				GCC_WARN_UNUSED_FUNCTION = YES;
				GCC_WARN_UNUSED_VARIABLE = YES;
				IPHONEOS_DEPLOYMENT_TARGET = 11.2;
				MTL_ENABLE_DEBUG_INFO = NO;
				SDKROOT = iphoneos;
				SWIFT_OPTIMIZATION_LEVEL = "-Owholemodule";
				VALIDATE_PRODUCT = YES;
			};
			name = Release;
		};
		769FE33122BC092F0018344C /* Debug */ = {
			isa = XCBuildConfiguration;
			buildSettings = {
				ASSETCATALOG_COMPILER_APPICON_NAME = AppIcon;
				CODE_SIGN_STYLE = Automatic;
				DEVELOPMENT_TEAM = WG5JPDZ522;
				INFOPLIST_FILE = FaceDetection/Info.plist;
				LD_RUNPATH_SEARCH_PATHS = "$(inherited) @executable_path/Frameworks";
				PRODUCT_BUNDLE_IDENTIFIER = test.FaceDetection;
				PRODUCT_NAME = "$(TARGET_NAME)";
				SWIFT_VERSION = 4.0;
				TARGETED_DEVICE_FAMILY = "1,2";
			};
			name = Debug;
		};
		769FE33222BC092F0018344C /* Release */ = {
			isa = XCBuildConfiguration;
			buildSettings = {
				ASSETCATALOG_COMPILER_APPICON_NAME = AppIcon;
				CODE_SIGN_STYLE = Automatic;
				DEVELOPMENT_TEAM = WG5JPDZ522;
				INFOPLIST_FILE = FaceDetection/Info.plist;
				LD_RUNPATH_SEARCH_PATHS = "$(inherited) @executable_path/Frameworks";
				PRODUCT_BUNDLE_IDENTIFIER = test.FaceDetection;
				PRODUCT_NAME = "$(TARGET_NAME)";
				SWIFT_VERSION = 4.0;
				TARGETED_DEVICE_FAMILY = "1,2";
			};
			name = Release;
		};
		769FE33422BC092F0018344C /* Debug */ = {
			isa = XCBuildConfiguration;
			buildSettings = {
				ALWAYS_EMBED_SWIFT_STANDARD_LIBRARIES = YES;
				BUNDLE_LOADER = "$(TEST_HOST)";
				CODE_SIGN_STYLE = Automatic;
				DEVELOPMENT_TEAM = WG5JPDZ522;
				INFOPLIST_FILE = FaceDetectionTests/Info.plist;
				LD_RUNPATH_SEARCH_PATHS = "$(inherited) @executable_path/Frameworks @loader_path/Frameworks";
				PRODUCT_BUNDLE_IDENTIFIER = test.FaceDetectionTests;
				PRODUCT_NAME = "$(TARGET_NAME)";
				SWIFT_VERSION = 4.0;
				TARGETED_DEVICE_FAMILY = "1,2";
				TEST_HOST = "$(BUILT_PRODUCTS_DIR)/FaceDetection.app/FaceDetection";
			};
			name = Debug;
		};
		769FE33522BC092F0018344C /* Release */ = {
			isa = XCBuildConfiguration;
			buildSettings = {
				ALWAYS_EMBED_SWIFT_STANDARD_LIBRARIES = YES;
				BUNDLE_LOADER = "$(TEST_HOST)";
				CODE_SIGN_STYLE = Automatic;
				DEVELOPMENT_TEAM = WG5JPDZ522;
				INFOPLIST_FILE = FaceDetectionTests/Info.plist;
				LD_RUNPATH_SEARCH_PATHS = "$(inherited) @executable_path/Frameworks @loader_path/Frameworks";
				PRODUCT_BUNDLE_IDENTIFIER = test.FaceDetectionTests;
				PRODUCT_NAME = "$(TARGET_NAME)";
				SWIFT_VERSION = 4.0;
				TARGETED_DEVICE_FAMILY = "1,2";
				TEST_HOST = "$(BUILT_PRODUCTS_DIR)/FaceDetection.app/FaceDetection";
			};
			name = Release;
		};
		769FE33722BC092F0018344C /* Debug */ = {
			isa = XCBuildConfiguration;
			buildSettings = {
				ALWAYS_EMBED_SWIFT_STANDARD_LIBRARIES = YES;
				CODE_SIGN_STYLE = Automatic;
				DEVELOPMENT_TEAM = WG5JPDZ522;
				INFOPLIST_FILE = FaceDetectionUITests/Info.plist;
				LD_RUNPATH_SEARCH_PATHS = "$(inherited) @executable_path/Frameworks @loader_path/Frameworks";
				PRODUCT_BUNDLE_IDENTIFIER = test.FaceDetectionUITests;
				PRODUCT_NAME = "$(TARGET_NAME)";
				SWIFT_VERSION = 4.0;
				TARGETED_DEVICE_FAMILY = "1,2";
				TEST_TARGET_NAME = FaceDetection;
			};
			name = Debug;
		};
		769FE33822BC092F0018344C /* Release */ = {
			isa = XCBuildConfiguration;
			buildSettings = {
				ALWAYS_EMBED_SWIFT_STANDARD_LIBRARIES = YES;
				CODE_SIGN_STYLE = Automatic;
				DEVELOPMENT_TEAM = WG5JPDZ522;
				INFOPLIST_FILE = FaceDetectionUITests/Info.plist;
				LD_RUNPATH_SEARCH_PATHS = "$(inherited) @executable_path/Frameworks @loader_path/Frameworks";
				PRODUCT_BUNDLE_IDENTIFIER = test.FaceDetectionUITests;
				PRODUCT_NAME = "$(TARGET_NAME)";
				SWIFT_VERSION = 4.0;
				TARGETED_DEVICE_FAMILY = "1,2";
				TEST_TARGET_NAME = FaceDetection;
			};
			name = Release;
		};
/* End XCBuildConfiguration section */

/* Begin XCConfigurationList section */
		769FE30022BC092E0018344C /* Build configuration list for PBXProject "FaceDetection" */ = {
			isa = XCConfigurationList;
			buildConfigurations = (
				769FE32E22BC092F0018344C /* Debug */,
				769FE32F22BC092F0018344C /* Release */,
			);
			defaultConfigurationIsVisible = 0;
			defaultConfigurationName = Release;
		};
		769FE33022BC092F0018344C /* Build configuration list for PBXNativeTarget "FaceDetection" */ = {
			isa = XCConfigurationList;
			buildConfigurations = (
				769FE33122BC092F0018344C /* Debug */,
				769FE33222BC092F0018344C /* Release */,
			);
			defaultConfigurationIsVisible = 0;
			defaultConfigurationName = Release;
		};
		769FE33322BC092F0018344C /* Build configuration list for PBXNativeTarget "FaceDetectionTests" */ = {
			isa = XCConfigurationList;
			buildConfigurations = (
				769FE33422BC092F0018344C /* Debug */,
				769FE33522BC092F0018344C /* Release */,
			);
			defaultConfigurationIsVisible = 0;
			defaultConfigurationName = Release;
		};
		769FE33622BC092F0018344C /* Build configuration list for PBXNativeTarget "FaceDetectionUITests" */ = {
			isa = XCConfigurationList;
			buildConfigurations = (
				769FE33722BC092F0018344C /* Debug */,
				769FE33822BC092F0018344C /* Release */,
			);
			defaultConfigurationIsVisible = 0;
			defaultConfigurationName = Release;
		};
/* End XCConfigurationList section */

/* Begin XCVersionGroup section */
		769FE30F22BC092F0018344C /* FaceDetection.xcdatamodeld */ = {
			isa = XCVersionGroup;
			children = (
				769FE31022BC092F0018344C /* FaceDetection.xcdatamodel */,
			);
			currentVersion = 769FE31022BC092F0018344C /* FaceDetection.xcdatamodel */;
			path = FaceDetection.xcdatamodeld;
			sourceTree = "<group>";
			versionGroupType = wrapper.xcdatamodel;
		};
/* End XCVersionGroup section */
	};
	rootObject = 769FE2FD22BC092E0018344C /* Project object */;
}
